
Microsoft Visual Studio Solution File, Format Version 12.00
# Visual Studio 15
VisualStudioVersion = 15.0.26124.0
MinimumVisualStudioVersion = 15.0.26124.0
Project("{2150E333-8FDC-42A3-9474-1A3956D46DE8}") = "src", "src", "{9DCCD36F-B1B1-4951-B77C-1D5C227D1777}"
EndProject
Project("{FAE04EC0-301F-11D3-BF4B-00C04F79EFBC}") = "Demo.Domain", "src\Demo.Domain\Demo.Domain.csproj", "{5403554A-57A7-48D0-968A-794B2ACBF9A5}"
EndProject
Project("{FAE04EC0-301F-11D3-BF4B-00C04F79EFBC}") = "Demo.Api", "src\Demo.Api\Demo.Api.csproj", "{7F6C1400-67FF-4092-9ECB-2EFE46F203AA}"
EndProject
Project("{FAE04EC0-301F-11D3-BF4B-00C04F79EFBC}") = "Demo.Data", "src\Demo.Data\Demo.Data.csproj", "{6DC36EB0-5C70-4A50-82A5-DFD0632AC2A0}"
EndProject
Project("{FAE04EC0-301F-11D3-BF4B-00C04F79EFBC}") = "Demo.IoC", "src\Demo.IoC\Demo.IoC.csproj", "{0EB3082F-CBD7-4C38-AB61-A02794BD3072}"
EndProject
Global
	GlobalSection(SolutionConfigurationPlatforms) = preSolution
		Debug|Any CPU = Debug|Any CPU
		Debug|x64 = Debug|x64
		Debug|x86 = Debug|x86
		Release|Any CPU = Release|Any CPU
		Release|x64 = Release|x64
		Release|x86 = Release|x86
	EndGlobalSection
	GlobalSection(SolutionProperties) = preSolution
		HideSolutionNode = FALSE
	EndGlobalSection
	GlobalSection(ProjectConfigurationPlatforms) = postSolution
		{1D025389-2881-4D95-A4E4-F94C17DD59C1}.Debug|Any CPU.ActiveCfg = Debug|Any CPU
		{1D025389-2881-4D95-A4E4-F94C17DD59C1}.Debug|Any CPU.Build.0 = Debug|Any CPU
		{1D025389-2881-4D95-A4E4-F94C17DD59C1}.Debug|x64.ActiveCfg = Debug|x64
		{1D025389-2881-4D95-A4E4-F94C17DD59C1}.Debug|x64.Build.0 = Debug|x64
		{1D025389-2881-4D95-A4E4-F94C17DD59C1}.Debug|x86.ActiveCfg = Debug|x86
		{1D025389-2881-4D95-A4E4-F94C17DD59C1}.Debug|x86.Build.0 = Debug|x86
		{1D025389-2881-4D95-A4E4-F94C17DD59C1}.Release|Any CPU.ActiveCfg = Release|Any CPU
		{1D025389-2881-4D95-A4E4-F94C17DD59C1}.Release|Any CPU.Build.0 = Release|Any CPU
		{1D025389-2881-4D95-A4E4-F94C17DD59C1}.Release|x64.ActiveCfg = Release|x64
		{1D025389-2881-4D95-A4E4-F94C17DD59C1}.Release|x64.Build.0 = Release|x64
		{1D025389-2881-4D95-A4E4-F94C17DD59C1}.Release|x86.ActiveCfg = Release|x86
		{1D025389-2881-4D95-A4E4-F94C17DD59C1}.Release|x86.Build.0 = Release|x86
		{5403554A-57A7-48D0-968A-794B2ACBF9A5}.Debug|Any CPU.ActiveCfg = Debug|Any CPU
		{5403554A-57A7-48D0-968A-794B2ACBF9A5}.Debug|Any CPU.Build.0 = Debug|Any CPU
		{5403554A-57A7-48D0-968A-794B2ACBF9A5}.Debug|x64.ActiveCfg = Debug|x64
		{5403554A-57A7-48D0-968A-794B2ACBF9A5}.Debug|x64.Build.0 = Debug|x64
		{5403554A-57A7-48D0-968A-794B2ACBF9A5}.Debug|x86.ActiveCfg = Debug|x86
		{5403554A-57A7-48D0-968A-794B2ACBF9A5}.Debug|x86.Build.0 = Debug|x86
		{5403554A-57A7-48D0-968A-794B2ACBF9A5}.Release|Any CPU.ActiveCfg = Release|Any CPU
		{5403554A-57A7-48D0-968A-794B2ACBF9A5}.Release|Any CPU.Build.0 = Release|Any CPU
		{5403554A-57A7-48D0-968A-794B2ACBF9A5}.Release|x64.ActiveCfg = Release|x64
		{5403554A-57A7-48D0-968A-794B2ACBF9A5}.Release|x64.Build.0 = Release|x64
		{5403554A-57A7-48D0-968A-794B2ACBF9A5}.Release|x86.ActiveCfg = Release|x86
		{5403554A-57A7-48D0-968A-794B2ACBF9A5}.Release|x86.Build.0 = Release|x86
		{7F6C1400-67FF-4092-9ECB-2EFE46F203AA}.Debug|Any CPU.ActiveCfg = Debug|Any CPU
		{7F6C1400-67FF-4092-9ECB-2EFE46F203AA}.Debug|Any CPU.Build.0 = Debug|Any CPU
		{7F6C1400-67FF-4092-9ECB-2EFE46F203AA}.Debug|x64.ActiveCfg = Debug|x64
		{7F6C1400-67FF-4092-9ECB-2EFE46F203AA}.Debug|x64.Build.0 = Debug|x64
		{7F6C1400-67FF-4092-9ECB-2EFE46F203AA}.Debug|x86.ActiveCfg = Debug|x86
		{7F6C1400-67FF-4092-9ECB-2EFE46F203AA}.Debug|x86.Build.0 = Debug|x86
		{7F6C1400-67FF-4092-9ECB-2EFE46F203AA}.Release|Any CPU.ActiveCfg = Release|Any CPU
		{7F6C1400-67FF-4092-9ECB-2EFE46F203AA}.Release|Any CPU.Build.0 = Release|Any CPU
		{7F6C1400-67FF-4092-9ECB-2EFE46F203AA}.Release|x64.ActiveCfg = Release|x64
		{7F6C1400-67FF-4092-9ECB-2EFE46F203AA}.Release|x64.Build.0 = Release|x64
		{7F6C1400-67FF-4092-9ECB-2EFE46F203AA}.Release|x86.ActiveCfg = Release|x86
		{7F6C1400-67FF-4092-9ECB-2EFE46F203AA}.Release|x86.Build.0 = Release|x86
		{6DC36EB0-5C70-4A50-82A5-DFD0632AC2A0}.Debug|Any CPU.ActiveCfg = Debug|Any CPU
		{6DC36EB0-5C70-4A50-82A5-DFD0632AC2A0}.Debug|Any CPU.Build.0 = Debug|Any CPU
		{6DC36EB0-5C70-4A50-82A5-DFD0632AC2A0}.Debug|x64.ActiveCfg = Debug|x64
		{6DC36EB0-5C70-4A50-82A5-DFD0632AC2A0}.Debug|x64.Build.0 = Debug|x64
		{6DC36EB0-5C70-4A50-82A5-DFD0632AC2A0}.Debug|x86.ActiveCfg = Debug|x86
		{6DC36EB0-5C70-4A50-82A5-DFD0632AC2A0}.Debug|x86.Build.0 = Debug|x86
		{6DC36EB0-5C70-4A50-82A5-DFD0632AC2A0}.Release|Any CPU.ActiveCfg = Release|Any CPU
		{6DC36EB0-5C70-4A50-82A5-DFD0632AC2A0}.Release|Any CPU.Build.0 = Release|Any CPU
		{6DC36EB0-5C70-4A50-82A5-DFD0632AC2A0}.Release|x64.ActiveCfg = Release|x64
		{6DC36EB0-5C70-4A50-82A5-DFD0632AC2A0}.Release|x64.Build.0 = Release|x64
		{6DC36EB0-5C70-4A50-82A5-DFD0632AC2A0}.Release|x86.ActiveCfg = Release|x86
		{6DC36EB0-5C70-4A50-82A5-DFD0632AC2A0}.Release|x86.Build.0 = Release|x86
		{0EB3082F-CBD7-4C38-AB61-A02794BD3072}.Debug|Any CPU.ActiveCfg = Debug|Any CPU
		{0EB3082F-CBD7-4C38-AB61-A02794BD3072}.Debug|Any CPU.Build.0 = Debug|Any CPU
		{0EB3082F-CBD7-4C38-AB61-A02794BD3072}.Debug|x64.ActiveCfg = Debug|x64
		{0EB3082F-CBD7-4C38-AB61-A02794BD3072}.Debug|x64.Build.0 = Debug|x64
		{0EB3082F-CBD7-4C38-AB61-A02794BD3072}.Debug|x86.ActiveCfg = Debug|x86
		{0EB3082F-CBD7-4C38-AB61-A02794BD3072}.Debug|x86.Build.0 = Debug|x86
		{0EB3082F-CBD7-4C38-AB61-A02794BD3072}.Release|Any CPU.ActiveCfg = Release|Any CPU
		{0EB3082F-CBD7-4C38-AB61-A02794BD3072}.Release|Any CPU.Build.0 = Release|Any CPU
		{0EB3082F-CBD7-4C38-AB61-A02794BD3072}.Release|x64.ActiveCfg = Release|x64
		{0EB3082F-CBD7-4C38-AB61-A02794BD3072}.Release|x64.Build.0 = Release|x64
		{0EB3082F-CBD7-4C38-AB61-A02794BD3072}.Release|x86.ActiveCfg = Release|x86
		{0EB3082F-CBD7-4C38-AB61-A02794BD3072}.Release|x86.Build.0 = Release|x86
	EndGlobalSection
	GlobalSection(NestedProjects) = preSolution
		{5403554A-57A7-48D0-968A-794B2ACBF9A5} = {9DCCD36F-B1B1-4951-B77C-1D5C227D1777}
		{7F6C1400-67FF-4092-9ECB-2EFE46F203AA} = {9DCCD36F-B1B1-4951-B77C-1D5C227D1777}
		{6DC36EB0-5C70-4A50-82A5-DFD0632AC2A0} = {9DCCD36F-B1B1-4951-B77C-1D5C227D1777}
		{0EB3082F-CBD7-4C38-AB61-A02794BD3072} = {9DCCD36F-B1B1-4951-B77C-1D5C227D1777}
	EndGlobalSection
EndGlobal
